// !$*UTF8*$!
{
	archiveVersion = 1;
	classes = {
	};
	objectVersion = 50;
	objects = {

/* Begin PBXBuildFile section */
		F43E502C227D59F5009B8E31 /* AppDelegate.swift in Sources */ = {isa = PBXBuildFile; fileRef = F43E502B227D59F5009B8E31 /* AppDelegate.swift */; };
		F43E5032227D59F5009B8E31 /* GameScene.swift in Sources */ = {isa = PBXBuildFile; fileRef = F43E5031227D59F5009B8E31 /* GameScene.swift */; };
		F43E5034227D59F5009B8E31 /* GameViewController.swift in Sources */ = {isa = PBXBuildFile; fileRef = F43E5033227D59F5009B8E31 /* GameViewController.swift */; };
		F43E5037227D59F5009B8E31 /* Main.storyboard in Resources */ = {isa = PBXBuildFile; fileRef = F43E5035227D59F5009B8E31 /* Main.storyboard */; };
		F43E5039227D59F6009B8E31 /* Assets.xcassets in Resources */ = {isa = PBXBuildFile; fileRef = F43E5038227D59F6009B8E31 /* Assets.xcassets */; };
		F43E503C227D59F6009B8E31 /* LaunchScreen.storyboard in Resources */ = {isa = PBXBuildFile; fileRef = F43E503A227D59F6009B8E31 /* LaunchScreen.storyboard */; };
		F43E5048227D6A8C009B8E31 /* Settings.swift in Sources */ = {isa = PBXBuildFile; fileRef = F43E5047227D6A8C009B8E31 /* Settings.swift */; };
		F43E504A227D8464009B8E31 /* MenuScene.swift in Sources */ = {isa = PBXBuildFile; fileRef = F43E5049227D8464009B8E31 /* MenuScene.swift */; };
		F43E504C227D9E0B009B8E31 /* ding.wav in Resources */ = {isa = PBXBuildFile; fileRef = F43E504B227D9E0B009B8E31 /* ding.wav */; };
		F43E504E227D9F07009B8E31 /* gameover.wav in Resources */ = {isa = PBXBuildFile; fileRef = F43E504D227D9F07009B8E31 /* gameover.wav */; };
		F43E5052227DA709009B8E31 /* SKSpriteNode.swift in Sources */ = {isa = PBXBuildFile; fileRef = F43E5051227DA709009B8E31 /* SKSpriteNode.swift */; };
		F43E5054227DB2A8009B8E31 /* ActionShit.swift in Sources */ = {isa = PBXBuildFile; fileRef = F43E5053227DB2A8009B8E31 /* ActionShit.swift */; };
		F43E5056227DDABA009B8E31 /* Strings.swift in Sources */ = {isa = PBXBuildFile; fileRef = F43E5055227DDABA009B8E31 /* Strings.swift */; };
/* End PBXBuildFile section */

/* Begin PBXFileReference section */
		F43E5028227D59F5009B8E31 /* SwitchTheShitOutOfTheColor.app */ = {isa = PBXFileReference; explicitFileType = wrapper.application; includeInIndex = 0; path = SwitchTheShitOutOfTheColor.app; sourceTree = BUILT_PRODUCTS_DIR; };
		F43E502B227D59F5009B8E31 /* AppDelegate.swift */ = {isa = PBXFileReference; lastKnownFileType = sourcecode.swift; path = AppDelegate.swift; sourceTree = "<group>"; };
		F43E5031227D59F5009B8E31 /* GameScene.swift */ = {isa = PBXFileReference; lastKnownFileType = sourcecode.swift; path = GameScene.swift; sourceTree = "<group>"; };
		F43E5033227D59F5009B8E31 /* GameViewController.swift */ = {isa = PBXFileReference; lastKnownFileType = sourcecode.swift; path = GameViewController.swift; sourceTree = "<group>"; };
		F43E5036227D59F5009B8E31 /* Base */ = {isa = PBXFileReference; lastKnownFileType = file.storyboard; name = Base; path = Base.lproj/Main.storyboard; sourceTree = "<group>"; };
		F43E5038227D59F6009B8E31 /* Assets.xcassets */ = {isa = PBXFileReference; lastKnownFileType = folder.assetcatalog; path = Assets.xcassets; sourceTree = "<group>"; };
		F43E503B227D59F6009B8E31 /* Base */ = {isa = PBXFileReference; lastKnownFileType = file.storyboard; name = Base; path = Base.lproj/LaunchScreen.storyboard; sourceTree = "<group>"; };
		F43E503D227D59F6009B8E31 /* Info.plist */ = {isa = PBXFileReference; lastKnownFileType = text.plist.xml; path = Info.plist; sourceTree = "<group>"; };
		F43E5047227D6A8C009B8E31 /* Settings.swift */ = {isa = PBXFileReference; lastKnownFileType = sourcecode.swift; path = Settings.swift; sourceTree = "<group>"; };
		F43E5049227D8464009B8E31 /* MenuScene.swift */ = {isa = PBXFileReference; lastKnownFileType = sourcecode.swift; path = MenuScene.swift; sourceTree = "<group>"; };
		F43E504B227D9E0B009B8E31 /* ding.wav */ = {isa = PBXFileReference; lastKnownFileType = audio.wav; path = ding.wav; sourceTree = "<group>"; };
		F43E504D227D9F07009B8E31 /* gameover.wav */ = {isa = PBXFileReference; lastKnownFileType = audio.wav; path = gameover.wav; sourceTree = "<group>"; };
		F43E5051227DA709009B8E31 /* SKSpriteNode.swift */ = {isa = PBXFileReference; lastKnownFileType = sourcecode.swift; path = SKSpriteNode.swift; sourceTree = "<group>"; };
		F43E5053227DB2A8009B8E31 /* ActionShit.swift */ = {isa = PBXFileReference; lastKnownFileType = sourcecode.swift; path = ActionShit.swift; sourceTree = "<group>"; };
		F43E5055227DDABA009B8E31 /* Strings.swift */ = {isa = PBXFileReference; lastKnownFileType = sourcecode.swift; path = Strings.swift; sourceTree = "<group>"; };
/* End PBXFileReference section */

/* Begin PBXFrameworksBuildPhase section */
		F43E5025227D59F5009B8E31 /* Frameworks */ = {
			isa = PBXFrameworksBuildPhase;
			buildActionMask = 2147483647;
			files = (
			);
			runOnlyForDeploymentPostprocessing = 0;
		};
/* End PBXFrameworksBuildPhase section */

/* Begin PBXGroup section */
		F43E501F227D59F5009B8E31 = {
			isa = PBXGroup;
			children = (
				F43E502A227D59F5009B8E31 /* SwitchTheShitOutOfTheColor */,
				F43E5029227D59F5009B8E31 /* Products */,
			);
			sourceTree = "<group>";
		};
		F43E5029227D59F5009B8E31 /* Products */ = {
			isa = PBXGroup;
			children = (
				F43E5028227D59F5009B8E31 /* SwitchTheShitOutOfTheColor.app */,
			);
			name = Products;
			sourceTree = "<group>";
		};
		F43E502A227D59F5009B8E31 /* SwitchTheShitOutOfTheColor */ = {
			isa = PBXGroup;
			children = (
				F43E504F227DA6E4009B8E31 /* Other */,
				F43E5046227D62AF009B8E31 /* Assets */,
				F43E5045227D6299009B8E31 /* Template */,
				F43E5044227D627F009B8E31 /* Scenes */,
				F43E5043227D625E009B8E31 /* ViewControllers */,
				F43E503D227D59F6009B8E31 /* Info.plist */,
			);
			path = SwitchTheShitOutOfTheColor;
			sourceTree = "<group>";
		};
		F43E5043227D625E009B8E31 /* ViewControllers */ = {
			isa = PBXGroup;
			children = (
				F43E5033227D59F5009B8E31 /* GameViewController.swift */,
			);
			path = ViewControllers;
			sourceTree = "<group>";
		};
		F43E5044227D627F009B8E31 /* Scenes */ = {
			isa = PBXGroup;
			children = (
				F43E5031227D59F5009B8E31 /* GameScene.swift */,
				F43E5049227D8464009B8E31 /* MenuScene.swift */,
			);
			path = Scenes;
			sourceTree = "<group>";
		};
		F43E5045227D6299009B8E31 /* Template */ = {
			isa = PBXGroup;
			children = (
				F43E502B227D59F5009B8E31 /* AppDelegate.swift */,
				F43E5047227D6A8C009B8E31 /* Settings.swift */,
			);
			path = Template;
			sourceTree = "<group>";
		};
		F43E5046227D62AF009B8E31 /* Assets */ = {
			isa = PBXGroup;
			children = (
				F43E504B227D9E0B009B8E31 /* ding.wav */,
				F43E504D227D9F07009B8E31 /* gameover.wav */,
				F43E5035227D59F5009B8E31 /* Main.storyboard */,
				F43E5038227D59F6009B8E31 /* Assets.xcassets */,
				F43E503A227D59F6009B8E31 /* LaunchScreen.storyboard */,
			);
			path = Assets;
			sourceTree = "<group>";
		};
		F43E504F227DA6E4009B8E31 /* Other */ = {
			isa = PBXGroup;
			children = (
				F43E5050227DA6F1009B8E31 /* Extension */,
				F43E5053227DB2A8009B8E31 /* ActionShit.swift */,
				F43E5055227DDABA009B8E31 /* Strings.swift */,
			);
			path = Other;
			sourceTree = "<group>";
		};
		F43E5050227DA6F1009B8E31 /* Extension */ = {
			isa = PBXGroup;
			children = (
				F43E5051227DA709009B8E31 /* SKSpriteNode.swift */,
			);
			path = Extension;
			sourceTree = "<group>";
		};
/* End PBXGroup section */

/* Begin PBXNativeTarget section */
		F43E5027227D59F5009B8E31 /* SwitchTheShitOutOfTheColor */ = {
			isa = PBXNativeTarget;
			buildConfigurationList = F43E5040227D59F6009B8E31 /* Build configuration list for PBXNativeTarget "SwitchTheShitOutOfTheColor" */;
			buildPhases = (
				F43E5024227D59F5009B8E31 /* Sources */,
				F43E5025227D59F5009B8E31 /* Frameworks */,
				F43E5026227D59F5009B8E31 /* Resources */,
			);
			buildRules = (
			);
			dependencies = (
			);
			name = SwitchTheShitOutOfTheColor;
			productName = SwitchTheShitOutOfTheColor;
			productReference = F43E5028227D59F5009B8E31 /* SwitchTheShitOutOfTheColor.app */;
			productType = "com.apple.product-type.application";
		};
/* End PBXNativeTarget section */

/* Begin PBXProject section */
		F43E5020227D59F5009B8E31 /* Project object */ = {
			isa = PBXProject;
			attributes = {
				LastSwiftUpdateCheck = 1010;
				LastUpgradeCheck = 1010;
				ORGANIZATIONNAME = shndrs;
				TargetAttributes = {
					F43E5027227D59F5009B8E31 = {
						CreatedOnToolsVersion = 10.1;
					};
				};
			};
			buildConfigurationList = F43E5023227D59F5009B8E31 /* Build configuration list for PBXProject "SwitchTheShitOutOfTheColor" */;
			compatibilityVersion = "Xcode 9.3";
			developmentRegion = en;
			hasScannedForEncodings = 0;
			knownRegions = (
				en,
				Base,
			);
			mainGroup = F43E501F227D59F5009B8E31;
			productRefGroup = F43E5029227D59F5009B8E31 /* Products */;
			projectDirPath = "";
			projectRoot = "";
			targets = (
				F43E5027227D59F5009B8E31 /* SwitchTheShitOutOfTheColor */,
			);
		};
/* End PBXProject section */

/* Begin PBXResourcesBuildPhase section */
		F43E5026227D59F5009B8E31 /* Resources */ = {
			isa = PBXResourcesBuildPhase;
			buildActionMask = 2147483647;
			files = (
				F43E504E227D9F07009B8E31 /* gameover.wav in Resources */,
				F43E5037227D59F5009B8E31 /* Main.storyboard in Resources */,
				F43E5039227D59F6009B8E31 /* Assets.xcassets in Resources */,
				F43E504C227D9E0B009B8E31 /* ding.wav in Resources */,
				F43E503C227D59F6009B8E31 /* LaunchScreen.storyboard in Resources */,
			);
			runOnlyForDeploymentPostprocessing = 0;
		};
/* End PBXResourcesBuildPhase section */

/* Begin PBXSourcesBuildPhase section */
		F43E5024227D59F5009B8E31 /* Sources */ = {
			isa = PBXSourcesBuildPhase;
			buildActionMask = 2147483647;
			files = (
				F43E5032227D59F5009B8E31 /* GameScene.swift in Sources */,
				F43E5054227DB2A8009B8E31 /* ActionShit.swift in Sources */,
				F43E5056227DDABA009B8E31 /* Strings.swift in Sources */,
				F43E5034227D59F5009B8E31 /* GameViewController.swift in Sources */,
				F43E5052227DA709009B8E31 /* SKSpriteNode.swift in Sources */,
				F43E504A227D8464009B8E31 /* MenuScene.swift in Sources */,
				F43E5048227D6A8C009B8E31 /* Settings.swift in Sources */,
				F43E502C227D59F5009B8E31 /* AppDelegate.swift in Sources */,
			);
			runOnlyForDeploymentPostprocessing = 0;
		};
/* End PBXSourcesBuildPhase section */

/* Begin PBXVariantGroup section */
		F43E5035227D59F5009B8E31 /* Main.storyboard */ = {
			isa = PBXVariantGroup;
			children = (
				F43E5036227D59F5009B8E31 /* Base */,
			);
			name = Main.storyboard;
			sourceTree = "<group>";
		};
		F43E503A227D59F6009B8E31 /* LaunchScreen.storyboard */ = {
			isa = PBXVariantGroup;
			children = (
				F43E503B227D59F6009B8E31 /* Base */,
			);
			name = LaunchScreen.storyboard;
			sourceTree = "<group>";
		};
/* End PBXVariantGroup section */

/* Begin XCBuildConfiguration section */
		F43E503E227D59F6009B8E31 /* Debug */ = {
			isa = XCBuildConfiguration;
			buildSettings = {
				ALWAYS_SEARCH_USER_PATHS = NO;
				CLANG_ANALYZER_NONNULL = YES;
				CLANG_ANALYZER_NUMBER_OBJECT_CONVERSION = YES_AGGRESSIVE;
				CLANG_CXX_LANGUAGE_STANDARD = "gnu++14";
				CLANG_CXX_LIBRARY = "libc++";
				CLANG_ENABLE_MODULES = YES;
				CLANG_ENABLE_OBJC_ARC = YES;
				CLANG_ENABLE_OBJC_WEAK = YES;
				CLANG_WARN_BLOCK_CAPTURE_AUTORELEASING = YES;
				CLANG_WARN_BOOL_CONVERSION = YES;
				CLANG_WARN_COMMA = YES;
				CLANG_WARN_CONSTANT_CONVERSION = YES;
				CLANG_WARN_DEPRECATED_OBJC_IMPLEMENTATIONS = YES;
				CLANG_WARN_DIRECT_OBJC_ISA_USAGE = YES_ERROR;
				CLANG_WARN_DOCUMENTATION_COMMENTS = YES;
				CLANG_WARN_EMPTY_BODY = YES;
				CLANG_WARN_ENUM_CONVERSION = YES;
				CLANG_WARN_INFINITE_RECURSION = YES;
				CLANG_WARN_INT_CONVERSION = YES;
				CLANG_WARN_NON_LITERAL_NULL_CONVERSION = YES;
				CLANG_WARN_OBJC_IMPLICIT_RETAIN_SELF = YES;
				CLANG_WARN_OBJC_LITERAL_CONVERSION = YES;
				CLANG_WARN_OBJC_ROOT_CLASS = YES_ERROR;
				CLANG_WARN_RANGE_LOOP_ANALYSIS = YES;
				CLANG_WARN_STRICT_PROTOTYPES = YES;
				CLANG_WARN_SUSPICIOUS_MOVE = YES;
				CLANG_WARN_UNGUARDED_AVAILABILITY = YES_AGGRESSIVE;
				CLANG_WARN_UNREACHABLE_CODE = YES;
				CLANG_WARN__DUPLICATE_METHOD_MATCH = YES;
				CODE_SIGN_IDENTITY = "iPhone Developer";
				COPY_PHASE_STRIP = NO;
				DEBUG_INFORMATION_FORMAT = dwarf;
				ENABLE_STRICT_OBJC_MSGSEND = YES;
				ENABLE_TESTABILITY = YES;
				GCC_C_LANGUAGE_STANDARD = gnu11;
				GCC_DYNAMIC_NO_PIC = NO;
				GCC_NO_COMMON_BLOCKS = YES;
				GCC_OPTIMIZATION_LEVEL = 0;
				GCC_PREPROCESSOR_DEFINITIONS = (
					"DEBUG=1",
					"$(inherited)",
				);
				GCC_WARN_64_TO_32_BIT_CONVERSION = YES;
				GCC_WARN_ABOUT_RETURN_TYPE = YES_ERROR;
				GCC_WARN_UNDECLARED_SELECTOR = YES;
				GCC_WARN_UNINITIALIZED_AUTOS = YES_AGGRESSIVE;
				GCC_WARN_UNUSED_FUNCTION = YES;
				GCC_WARN_UNUSED_VARIABLE = YES;
				IPHONEOS_DEPLOYMENT_TARGET = 12.1;
				MTL_ENABLE_DEBUG_INFO = INCLUDE_SOURCE;
				MTL_FAST_MATH = YES;
				ONLY_ACTIVE_ARCH = YES;
				SDKROOT = iphoneos;
				SWIFT_ACTIVE_COMPILATION_CONDITIONS = DEBUG;
				SWIFT_OPTIMIZATION_LEVEL = "-Onone";
			};
			name = Debug;
		};
		F43E503F227D59F6009B8E31 /* Release */ = {
			isa = XCBuildConfiguration;
			buildSettings = {
				ALWAYS_SEARCH_USER_PATHS = NO;
				CLANG_ANALYZER_NONNULL = YES;
				CLANG_ANALYZER_NUMBER_OBJECT_CONVERSION = YES_AGGRESSIVE;
				CLANG_CXX_LANGUAGE_STANDARD = "gnu++14";
				CLANG_CXX_LIBRARY = "libc++";
				CLANG_ENABLE_MODULES = YES;
				CLANG_ENABLE_OBJC_ARC = YES;
				CLANG_ENABLE_OBJC_WEAK = YES;
				CLANG_WARN_BLOCK_CAPTURE_AUTORELEASING = YES;
				CLANG_WARN_BOOL_CONVERSION = YES;
				CLANG_WARN_COMMA = YES;
				CLANG_WARN_CONSTANT_CONVERSION = YES;
				CLANG_WARN_DEPRECATED_OBJC_IMPLEMENTATIONS = YES;
				CLANG_WARN_DIRECT_OBJC_ISA_USAGE = YES_ERROR;
				CLANG_WARN_DOCUMENTATION_COMMENTS = YES;
				CLANG_WARN_EMPTY_BODY = YES;
				CLANG_WARN_ENUM_CONVERSION = YES;
				CLANG_WARN_INFINITE_RECURSION = YES;
				CLANG_WARN_INT_CONVERSION = YES;
				CLANG_WARN_NON_LITERAL_NULL_CONVERSION = YES;
				CLANG_WARN_OBJC_IMPLICIT_RETAIN_SELF = YES;
				CLANG_WARN_OBJC_LITERAL_CONVERSION = YES;
				CLANG_WARN_OBJC_ROOT_CLASS = YES_ERROR;
				CLANG_WARN_RANGE_LOOP_ANALYSIS = YES;
				CLANG_WARN_STRICT_PROTOTYPES = YES;
				CLANG_WARN_SUSPICIOUS_MOVE = YES;
				CLANG_WARN_UNGUARDED_AVAILABILITY = YES_AGGRESSIVE;
				CLANG_WARN_UNREACHABLE_CODE = YES;
				CLANG_WARN__DUPLICATE_METHOD_MATCH = YES;
				CODE_SIGN_IDENTITY = "iPhone Developer";
				COPY_PHASE_STRIP = NO;
				DEBUG_INFORMATION_FORMAT = "dwarf-with-dsym";
				ENABLE_NS_ASSERTIONS = NO;
				ENABLE_STRICT_OBJC_MSGSEND = YES;
				GCC_C_LANGUAGE_STANDARD = gnu11;
				GCC_NO_COMMON_BLOCKS = YES;
				GCC_WARN_64_TO_32_BIT_CONVERSION = YES;
				GCC_WARN_ABOUT_RETURN_TYPE = YES_ERROR;
				GCC_WARN_UNDECLARED_SELECTOR = YES;
				GCC_WARN_UNINITIALIZED_AUTOS = YES_AGGRESSIVE;
				GCC_WARN_UNUSED_FUNCTION = YES;
				GCC_WARN_UNUSED_VARIABLE = YES;
				IPHONEOS_DEPLOYMENT_TARGET = 12.1;
				MTL_ENABLE_DEBUG_INFO = NO;
				MTL_FAST_MATH = YES;
				SDKROOT = iphoneos;
				SWIFT_COMPILATION_MODE = wholemodule;
				SWIFT_OPTIMIZATION_LEVEL = "-O";
				VALIDATE_PRODUCT = YES;
			};
			name = Release;
		};
		F43E5041227D59F6009B8E31 /* Debug */ = {
			isa = XCBuildConfiguration;
			buildSettings = {
				ASSETCATALOG_COMPILER_APPICON_NAME = AppIcon;
				CODE_SIGN_STYLE = Automatic;
				DEVELOPMENT_TEAM = KRGCDU34JU;
				INFOPLIST_FILE = SwitchTheShitOutOfTheColor/Info.plist;
				IPHONEOS_DEPLOYMENT_TARGET = 11.0;
				LD_RUNPATH_SEARCH_PATHS = (
					"$(inherited)",
					"@executable_path/Frameworks",
				);
				PRODUCT_BUNDLE_IDENTIFIER = shndrs.SwitchTheShitOutOfTheColor;
				PRODUCT_NAME = "$(TARGET_NAME)";
				SWIFT_VERSION = 4.2;
				TARGETED_DEVICE_FAMILY = "1,2";
			};
			name = Debug;
		};
		F43E5042227D59F6009B8E31 /* Release */ = {
			isa = XCBuildConfiguration;
			buildSettings = {
				ASSETCATALOG_COMPILER_APPICON_NAME = AppIcon;
				CODE_SIGN_STYLE = Automatic;
				DEVELOPMENT_TEAM = KRGCDU34JU;
				INFOPLIST_FILE = SwitchTheShitOutOfTheColor/Info.plist;
				IPHONEOS_DEPLOYMENT_TARGET = 11.0;
				LD_RUNPATH_SEARCH_PATHS = (
					"$(inherited)",
					"@executable_path/Frameworks",
				);
				PRODUCT_BUNDLE_IDENTIFIER = shndrs.SwitchTheShitOutOfTheColor;
				PRODUCT_NAME = "$(TARGET_NAME)";
				SWIFT_VERSION = 4.2;
				TARGETED_DEVICE_FAMILY = "1,2";
			};
			name = Release;
		};
/* End XCBuildConfiguration section */

/* Begin XCConfigurationList section */
		F43E5023227D59F5009B8E31 /* Build configuration list for PBXProject "SwitchTheShitOutOfTheColor" */ = {
			isa = XCConfigurationList;
			buildConfigurations = (
				F43E503E227D59F6009B8E31 /* Debug */,
				F43E503F227D59F6009B8E31 /* Release */,
			);
			defaultConfigurationIsVisible = 0;
			defaultConfigurationName = Release;
		};
		F43E5040227D59F6009B8E31 /* Build configuration list for PBXNativeTarget "SwitchTheShitOutOfTheColor" */ = {
			isa = XCConfigurationList;
			buildConfigurations = (
				F43E5041227D59F6009B8E31 /* Debug */,
				F43E5042227D59F6009B8E31 /* Release */,
			);
			defaultConfigurationIsVisible = 0;
			defaultConfigurationName = Release;
		};
/* End XCConfigurationList section */
	};
	rootObject = F43E5020227D59F5009B8E31 /* Project object */;
}
